
Microsoft Visual Studio Solution File, Format Version 12.00
# Visual Studio Version 17
VisualStudioVersion = 17.10.35013.160
MinimumVisualStudioVersion = 10.0.40219.1
Project("{FAE04EC0-301F-11D3-BF4B-00C04F79EFBC}") = "MyUseElasticSearchAndKibanaAndSerilog", "UseElasticSearchAndKibanaAndSerilog\MyUseElasticSearchAndKibanaAndSerilog.csproj", "{8B556849-0459-4B9B-A59F-F12C932F37A3}"
EndProject
Global
	GlobalSection(SolutionConfigurationPlatforms) = preSolution
		Debug|Any CPU = Debug|Any CPU
		Release|Any CPU = Release|Any CPU
	EndGlobalSection
	GlobalSection(ProjectConfigurationPlatforms) = postSolution
		{8B556849-0459-4B9B-A59F-F12C932F37A3}.Debug|Any CPU.ActiveCfg = Debug|Any CPU
		{8B556849-0459-4B9B-A59F-F12C932F37A3}.Debug|Any CPU.Build.0 = Debug|Any CPU
		{8B556849-0459-4B9B-A59F-F12C932F37A3}.Release|Any CPU.ActiveCfg = Release|Any CPU
		{8B556849-0459-4B9B-A59F-F12C932F37A3}.Release|Any CPU.Build.0 = Release|Any CPU
	EndGlobalSection
	GlobalSection(SolutionProperties) = preSolution
		HideSolutionNode = FALSE
	EndGlobalSection
	GlobalSection(ExtensibilityGlobals) = postSolution
		SolutionGuid = {A931EE1E-DFAF-4647-BC5E-FD3B608EF75F}
	EndGlobalSection
EndGlobal
